
Microsoft Visual Studio Solution File, Format Version 12.00
# Visual Studio Version 16
VisualStudioVersion = 16.0.29411.108
MinimumVisualStudioVersion = 10.0.40219.1
Project("{FAE04EC0-301F-11D3-BF4B-00C04F79EFBC}") = "CheckZip", "CheckZip.csproj", "{4FA18C5B-E6D6-40DA-BFB1-0175C0C447EE}"
EndProject
Global
	GlobalSection(SolutionConfigurationPlatforms) = preSolution
		Debug|Any CPU = Debug|Any CPU
		Release|Any CPU = Release|Any CPU
	EndGlobalSection
	GlobalSection(ProjectConfigurationPlatforms) = postSolution
		{4FA18C5B-E6D6-40DA-BFB1-0175C0C447EE}.Debug|Any CPU.ActiveCfg = Debug|Any CPU
		{4FA18C5B-E6D6-40DA-BFB1-0175C0C447EE}.Debug|Any CPU.Build.0 = Debug|Any CPU
		{4FA18C5B-E6D6-40DA-BFB1-0175C0C447EE}.Release|Any CPU.ActiveCfg = Release|Any CPU
		{4FA18C5B-E6D6-40DA-BFB1-0175C0C447EE}.Release|Any CPU.Build.0 = Release|Any CPU
	EndGlobalSection
	GlobalSection(SolutionProperties) = preSolution
		HideSolutionNode = FALSE
	EndGlobalSection
	GlobalSection(ExtensibilityGlobals) = postSolution
		SolutionGuid = {2DA50928-DFD6-4AAD-82B0-0DCB5992E20D}
	EndGlobalSection
EndGlobal
